
Microsoft Visual Studio Solution File, Format Version 12.00
# Visual Studio Version 17
VisualStudioVersion = 17.2.32519.379
MinimumVisualStudioVersion = 10.0.40219.1
Project("{FAE04EC0-301F-11D3-BF4B-00C04F79EFBC}") = "OracleWebAPIService", "OracleWebAPIService\OracleWebAPIService.csproj", "{0149F078-F1B0-4A55-93BE-2997DA96DA3B}"
EndProject
Global
	GlobalSection(SolutionConfigurationPlatforms) = preSolution
		Debug|Any CPU = Debug|Any CPU
		Release|Any CPU = Release|Any CPU
	EndGlobalSection
	GlobalSection(ProjectConfigurationPlatforms) = postSolution
		{0149F078-F1B0-4A55-93BE-2997DA96DA3B}.Debug|Any CPU.ActiveCfg = Debug|Any CPU
		{0149F078-F1B0-4A55-93BE-2997DA96DA3B}.Debug|Any CPU.Build.0 = Debug|Any CPU
		{0149F078-F1B0-4A55-93BE-2997DA96DA3B}.Release|Any CPU.ActiveCfg = Release|Any CPU
		{0149F078-F1B0-4A55-93BE-2997DA96DA3B}.Release|Any CPU.Build.0 = Release|Any CPU
	EndGlobalSection
	GlobalSection(SolutionProperties) = preSolution
		HideSolutionNode = FALSE
	EndGlobalSection
	GlobalSection(ExtensibilityGlobals) = postSolution
		SolutionGuid = {58CBFC85-7F0E-435E-B7F0-6FD7C9E685A6}
	EndGlobalSection
EndGlobal
